
Microsoft Visual Studio Solution File, Format Version 12.00
# Visual Studio Version 17
VisualStudioVersion = 17.7.34031.279
MinimumVisualStudioVersion = 10.0.40219.1
Project("{FAE04EC0-301F-11D3-BF4B-00C04F79EFBC}") = "TicketToRide.Android", "TicketToRide\TicketToRide.Android\TicketToRide.Android.csproj", "{2C53671D-6D99-4D24-A48D-06AF1F8B29F4}"
EndProject
Project("{9A19103F-16F7-4668-BE54-9A1E7A4F7556}") = "BoardgameCalculator", "TicketToRide\TicketToRide\BoardgameCalculator.csproj", "{2597A2D2-8BB3-46C6-B67A-AFE925758366}"
EndProject
Global
	GlobalSection(SolutionConfigurationPlatforms) = preSolution
		Debug|Any CPU = Debug|Any CPU
		Release|Any CPU = Release|Any CPU
	EndGlobalSection
	GlobalSection(ProjectConfigurationPlatforms) = postSolution
		{2C53671D-6D99-4D24-A48D-06AF1F8B29F4}.Debug|Any CPU.ActiveCfg = Debug|Any CPU
		{2C53671D-6D99-4D24-A48D-06AF1F8B29F4}.Debug|Any CPU.Build.0 = Debug|Any CPU
		{2C53671D-6D99-4D24-A48D-06AF1F8B29F4}.Debug|Any CPU.Deploy.0 = Debug|Any CPU
		{2C53671D-6D99-4D24-A48D-06AF1F8B29F4}.Release|Any CPU.ActiveCfg = Release|Any CPU
		{2C53671D-6D99-4D24-A48D-06AF1F8B29F4}.Release|Any CPU.Build.0 = Release|Any CPU
		{2C53671D-6D99-4D24-A48D-06AF1F8B29F4}.Release|Any CPU.Deploy.0 = Release|Any CPU
		{2597A2D2-8BB3-46C6-B67A-AFE925758366}.Debug|Any CPU.ActiveCfg = Debug|Any CPU
		{2597A2D2-8BB3-46C6-B67A-AFE925758366}.Debug|Any CPU.Build.0 = Debug|Any CPU
		{2597A2D2-8BB3-46C6-B67A-AFE925758366}.Debug|Any CPU.Deploy.0 = Debug|Any CPU
		{2597A2D2-8BB3-46C6-B67A-AFE925758366}.Release|Any CPU.ActiveCfg = Release|Any CPU
		{2597A2D2-8BB3-46C6-B67A-AFE925758366}.Release|Any CPU.Build.0 = Release|Any CPU
		{2597A2D2-8BB3-46C6-B67A-AFE925758366}.Release|Any CPU.Deploy.0 = Release|Any CPU
	EndGlobalSection
	GlobalSection(SolutionProperties) = preSolution
		HideSolutionNode = FALSE
	EndGlobalSection
	GlobalSection(ExtensibilityGlobals) = postSolution
		SolutionGuid = {935D012A-3D00-4D78-B1B4-6399A2B37836}
	EndGlobalSection
EndGlobal
